{
    "requires": true,
    "lockfileVersion": 1,
    "dependencies": {
        "bulma": {
            "version": "0.6.1",
            "resolved": "https://registry.npmjs.org/bulma/-/bulma-0.6.1.tgz",
            "integrity": "sha1-XyGnfAwG99gAUcBmKMI1Fggb1kk="
        },
        "bulma-pageloader": {
            "version": "0.0.2",
            "resolved": "https://registry.npmjs.org/bulma-pageloader/-/bulma-pageloader-0.0.2.tgz",
            "integrity": "sha512-KO6tDVgjXPrfUaMlap7Q/VC6+vvVNf9d58tL17x4edTRvEeHs8eJY/Btx1XNKbymCcuUsycyaPfudp+pTIVs/Q=="
        },
        "flatpickr": {
            "version": "4.1.2",
            "resolved": "https://registry.npmjs.org/flatpickr/-/flatpickr-4.1.2.tgz",
            "integrity": "sha512-XN5sWMPZgT0gFzYvRsuH9rWl5KJC6c2lEn0TVkDbADVfis4r5sU1ZWJBHMflhwI6zCVspEaNRZ5oPt/0hwEnog=="
        },
        "vue-events": {
            "version": "3.1.0",
            "resolved": "https://registry.npmjs.org/vue-events/-/vue-events-3.1.0.tgz",
            "integrity": "sha512-JoE6ZlIEFdpj/vE7oW6T1T3Vz2h0Zxc4XEyz92L2tiRVc1TZ0u/nY1s6ZrnpHKoVxeEU0ouAp/FMxTKI3JBpvA=="
        },
        "vue-flatpickr-component": {
            "version": "4.0.0",
            "resolved": "https://registry.npmjs.org/vue-flatpickr-component/-/vue-flatpickr-component-4.0.0.tgz",
            "integrity": "sha512-QdTO3blQmP1SyJlaMJqjD5m8iZm5zS4ktC0nqaTyQWbEuMp22Ti8NWXUKpaKZVOIw8hoxKwIXCUEWlYlw/pU3w==",
            "requires": {
                "flatpickr": "4.1.2"
            }
        },
        "vue-router": {
            "version": "3.0.1",
            "resolved": "https://registry.npmjs.org/vue-router/-/vue-router-3.0.1.tgz",
            "integrity": "sha512-vLLoY452L+JBpALMP5UHum9+7nzR9PeIBCghU9ZtJ1eWm6ieUI8Zb/DI3MYxH32bxkjzYV1LRjNv4qr8d+uX/w=="
        },
        "vue-select": {
            "version": "github:sagalbot/vue-select#9e340b5c8062ca1a98d2b3bffb06d7db445253f7"
        }
    }
}
